// !$*UTF8*$!
{
	archiveVersion = 1;
	classes = {
	};
	objectVersion = 56;
	objects = {

/* Begin PBXBuildFile section */
		7FC4284D2AB2E6AE00C5E97C /* AppDelegate.swift in Sources */ = {isa = PBXBuildFile; fileRef = 7FC4284C2AB2E6AE00C5E97C /* AppDelegate.swift */; };
		7FC4284F2AB2E6AE00C5E97C /* SceneDelegate.swift in Sources */ = {isa = PBXBuildFile; fileRef = 7FC4284E2AB2E6AE00C5E97C /* SceneDelegate.swift */; };
		7FC428512AB2E6AE00C5E97C /* ViewController.swift in Sources */ = {isa = PBXBuildFile; fileRef = 7FC428502AB2E6AE00C5E97C /* ViewController.swift */; };
		7FC428542AB2E6AE00C5E97C /* Main.storyboard in Resources */ = {isa = PBXBuildFile; fileRef = 7FC428522AB2E6AE00C5E97C /* Main.storyboard */; };
		7FC428572AB2E6AE00C5E97C /* Instagram.xcdatamodeld in Sources */ = {isa = PBXBuildFile; fileRef = 7FC428552AB2E6AE00C5E97C /* Instagram.xcdatamodeld */; };
		7FC428592AB2E6B200C5E97C /* Assets.xcassets in Resources */ = {isa = PBXBuildFile; fileRef = 7FC428582AB2E6B200C5E97C /* Assets.xcassets */; };
		7FC4285C2AB2E6B200C5E97C /* LaunchScreen.storyboard in Resources */ = {isa = PBXBuildFile; fileRef = 7FC4285A2AB2E6B200C5E97C /* LaunchScreen.storyboard */; };
		7FC428672AB2E6B200C5E97C /* InstagramTests.swift in Sources */ = {isa = PBXBuildFile; fileRef = 7FC428662AB2E6B200C5E97C /* InstagramTests.swift */; };
		7FC428712AB2E6B200C5E97C /* InstagramUITests.swift in Sources */ = {isa = PBXBuildFile; fileRef = 7FC428702AB2E6B200C5E97C /* InstagramUITests.swift */; };
		7FC428732AB2E6B200C5E97C /* InstagramUITestsLaunchTests.swift in Sources */ = {isa = PBXBuildFile; fileRef = 7FC428722AB2E6B200C5E97C /* InstagramUITestsLaunchTests.swift */; };
/* End PBXBuildFile section */

/* Begin PBXContainerItemProxy section */
		7FC428632AB2E6B200C5E97C /* PBXContainerItemProxy */ = {
			isa = PBXContainerItemProxy;
			containerPortal = 7FC428412AB2E6AE00C5E97C /* Project object */;
			proxyType = 1;
			remoteGlobalIDString = 7FC428482AB2E6AE00C5E97C;
			remoteInfo = Instagram;
		};
		7FC4286D2AB2E6B200C5E97C /* PBXContainerItemProxy */ = {
			isa = PBXContainerItemProxy;
			containerPortal = 7FC428412AB2E6AE00C5E97C /* Project object */;
			proxyType = 1;
			remoteGlobalIDString = 7FC428482AB2E6AE00C5E97C;
			remoteInfo = Instagram;
		};
/* End PBXContainerItemProxy section */

/* Begin PBXFileReference section */
		7FC428492AB2E6AE00C5E97C /* Instagram.app */ = {isa = PBXFileReference; explicitFileType = wrapper.application; includeInIndex = 0; path = Instagram.app; sourceTree = BUILT_PRODUCTS_DIR; };
		7FC4284C2AB2E6AE00C5E97C /* AppDelegate.swift */ = {isa = PBXFileReference; lastKnownFileType = sourcecode.swift; path = AppDelegate.swift; sourceTree = "<group>"; };
		7FC4284E2AB2E6AE00C5E97C /* SceneDelegate.swift */ = {isa = PBXFileReference; lastKnownFileType = sourcecode.swift; path = SceneDelegate.swift; sourceTree = "<group>"; };
		7FC428502AB2E6AE00C5E97C /* ViewController.swift */ = {isa = PBXFileReference; lastKnownFileType = sourcecode.swift; path = ViewController.swift; sourceTree = "<group>"; };
		7FC428532AB2E6AE00C5E97C /* Base */ = {isa = PBXFileReference; lastKnownFileType = file.storyboard; name = Base; path = Base.lproj/Main.storyboard; sourceTree = "<group>"; };
		7FC428562AB2E6AE00C5E97C /* Instagram.xcdatamodel */ = {isa = PBXFileReference; lastKnownFileType = wrapper.xcdatamodel; path = Instagram.xcdatamodel; sourceTree = "<group>"; };
		7FC428582AB2E6B200C5E97C /* Assets.xcassets */ = {isa = PBXFileReference; lastKnownFileType = folder.assetcatalog; path = Assets.xcassets; sourceTree = "<group>"; };
		7FC4285B2AB2E6B200C5E97C /* Base */ = {isa = PBXFileReference; lastKnownFileType = file.storyboard; name = Base; path = Base.lproj/LaunchScreen.storyboard; sourceTree = "<group>"; };
		7FC4285D2AB2E6B200C5E97C /* Info.plist */ = {isa = PBXFileReference; lastKnownFileType = text.plist.xml; path = Info.plist; sourceTree = "<group>"; };
		7FC428622AB2E6B200C5E97C /* InstagramTests.xctest */ = {isa = PBXFileReference; explicitFileType = wrapper.cfbundle; includeInIndex = 0; path = InstagramTests.xctest; sourceTree = BUILT_PRODUCTS_DIR; };
		7FC428662AB2E6B200C5E97C /* InstagramTests.swift */ = {isa = PBXFileReference; lastKnownFileType = sourcecode.swift; path = InstagramTests.swift; sourceTree = "<group>"; };
		7FC4286C2AB2E6B200C5E97C /* InstagramUITests.xctest */ = {isa = PBXFileReference; explicitFileType = wrapper.cfbundle; includeInIndex = 0; path = InstagramUITests.xctest; sourceTree = BUILT_PRODUCTS_DIR; };
		7FC428702AB2E6B200C5E97C /* InstagramUITests.swift */ = {isa = PBXFileReference; lastKnownFileType = sourcecode.swift; path = InstagramUITests.swift; sourceTree = "<group>"; };
		7FC428722AB2E6B200C5E97C /* InstagramUITestsLaunchTests.swift */ = {isa = PBXFileReference; lastKnownFileType = sourcecode.swift; path = InstagramUITestsLaunchTests.swift; sourceTree = "<group>"; };
/* End PBXFileReference section */

/* Begin PBXFrameworksBuildPhase section */
		7FC428462AB2E6AE00C5E97C /* Frameworks */ = {
			isa = PBXFrameworksBuildPhase;
			buildActionMask = 2147483647;
			files = (
			);
			runOnlyForDeploymentPostprocessing = 0;
		};
		7FC4285F2AB2E6B200C5E97C /* Frameworks */ = {
			isa = PBXFrameworksBuildPhase;
			buildActionMask = 2147483647;
			files = (
			);
			runOnlyForDeploymentPostprocessing = 0;
		};
		7FC428692AB2E6B200C5E97C /* Frameworks */ = {
			isa = PBXFrameworksBuildPhase;
			buildActionMask = 2147483647;
			files = (
			);
			runOnlyForDeploymentPostprocessing = 0;
		};
/* End PBXFrameworksBuildPhase section */

/* Begin PBXGroup section */
		7FC428402AB2E6AE00C5E97C = {
			isa = PBXGroup;
			children = (
				7FC4284B2AB2E6AE00C5E97C /* Instagram */,
				7FC428652AB2E6B200C5E97C /* InstagramTests */,
				7FC4286F2AB2E6B200C5E97C /* InstagramUITests */,
				7FC4284A2AB2E6AE00C5E97C /* Products */,
			);
			sourceTree = "<group>";
		};
		7FC4284A2AB2E6AE00C5E97C /* Products */ = {
			isa = PBXGroup;
			children = (
				7FC428492AB2E6AE00C5E97C /* Instagram.app */,
				7FC428622AB2E6B200C5E97C /* InstagramTests.xctest */,
				7FC4286C2AB2E6B200C5E97C /* InstagramUITests.xctest */,
			);
			name = Products;
			sourceTree = "<group>";
		};
		7FC4284B2AB2E6AE00C5E97C /* Instagram */ = {
			isa = PBXGroup;
			children = (
				7FC4284C2AB2E6AE00C5E97C /* AppDelegate.swift */,
				7FC4284E2AB2E6AE00C5E97C /* SceneDelegate.swift */,
				7FC428502AB2E6AE00C5E97C /* ViewController.swift */,
				7FC428522AB2E6AE00C5E97C /* Main.storyboard */,
				7FC428582AB2E6B200C5E97C /* Assets.xcassets */,
				7FC4285A2AB2E6B200C5E97C /* LaunchScreen.storyboard */,
				7FC4285D2AB2E6B200C5E97C /* Info.plist */,
				7FC428552AB2E6AE00C5E97C /* Instagram.xcdatamodeld */,
			);
			path = Instagram;
			sourceTree = "<group>";
		};
		7FC428652AB2E6B200C5E97C /* InstagramTests */ = {
			isa = PBXGroup;
			children = (
				7FC428662AB2E6B200C5E97C /* InstagramTests.swift */,
			);
			path = InstagramTests;
			sourceTree = "<group>";
		};
		7FC4286F2AB2E6B200C5E97C /* InstagramUITests */ = {
			isa = PBXGroup;
			children = (
				7FC428702AB2E6B200C5E97C /* InstagramUITests.swift */,
				7FC428722AB2E6B200C5E97C /* InstagramUITestsLaunchTests.swift */,
			);
			path = InstagramUITests;
			sourceTree = "<group>";
		};
/* End PBXGroup section */

/* Begin PBXNativeTarget section */
		7FC428482AB2E6AE00C5E97C /* Instagram */ = {
			isa = PBXNativeTarget;
			buildConfigurationList = 7FC428762AB2E6B200C5E97C /* Build configuration list for PBXNativeTarget "Instagram" */;
			buildPhases = (
				7FC428452AB2E6AE00C5E97C /* Sources */,
				7FC428462AB2E6AE00C5E97C /* Frameworks */,
				7FC428472AB2E6AE00C5E97C /* Resources */,
			);
			buildRules = (
			);
			dependencies = (
			);
			name = Instagram;
			productName = Instagram;
			productReference = 7FC428492AB2E6AE00C5E97C /* Instagram.app */;
			productType = "com.apple.product-type.application";
		};
		7FC428612AB2E6B200C5E97C /* InstagramTests */ = {
			isa = PBXNativeTarget;
			buildConfigurationList = 7FC428792AB2E6B200C5E97C /* Build configuration list for PBXNativeTarget "InstagramTests" */;
			buildPhases = (
				7FC4285E2AB2E6B200C5E97C /* Sources */,
				7FC4285F2AB2E6B200C5E97C /* Frameworks */,
				7FC428602AB2E6B200C5E97C /* Resources */,
			);
			buildRules = (
			);
			dependencies = (
				7FC428642AB2E6B200C5E97C /* PBXTargetDependency */,
			);
			name = InstagramTests;
			productName = InstagramTests;
			productReference = 7FC428622AB2E6B200C5E97C /* InstagramTests.xctest */;
			productType = "com.apple.product-type.bundle.unit-test";
		};
		7FC4286B2AB2E6B200C5E97C /* InstagramUITests */ = {
			isa = PBXNativeTarget;
			buildConfigurationList = 7FC4287C2AB2E6B200C5E97C /* Build configuration list for PBXNativeTarget "InstagramUITests" */;
			buildPhases = (
				7FC428682AB2E6B200C5E97C /* Sources */,
				7FC428692AB2E6B200C5E97C /* Frameworks */,
				7FC4286A2AB2E6B200C5E97C /* Resources */,
			);
			buildRules = (
			);
			dependencies = (
				7FC4286E2AB2E6B200C5E97C /* PBXTargetDependency */,
			);
			name = InstagramUITests;
			productName = InstagramUITests;
			productReference = 7FC4286C2AB2E6B200C5E97C /* InstagramUITests.xctest */;
			productType = "com.apple.product-type.bundle.ui-testing";
		};
/* End PBXNativeTarget section */

/* Begin PBXProject section */
		7FC428412AB2E6AE00C5E97C /* Project object */ = {
			isa = PBXProject;
			attributes = {
				BuildIndependentTargetsInParallel = 1;
				LastSwiftUpdateCheck = 1430;
				LastUpgradeCheck = 1430;
				TargetAttributes = {
					7FC428482AB2E6AE00C5E97C = {
						CreatedOnToolsVersion = 14.3.1;
					};
					7FC428612AB2E6B200C5E97C = {
						CreatedOnToolsVersion = 14.3.1;
						TestTargetID = 7FC428482AB2E6AE00C5E97C;
					};
					7FC4286B2AB2E6B200C5E97C = {
						CreatedOnToolsVersion = 14.3.1;
						TestTargetID = 7FC428482AB2E6AE00C5E97C;
					};
				};
			};
			buildConfigurationList = 7FC428442AB2E6AE00C5E97C /* Build configuration list for PBXProject "Instagram" */;
			compatibilityVersion = "Xcode 14.0";
			developmentRegion = en;
			hasScannedForEncodings = 0;
			knownRegions = (
				en,
				Base,
			);
			mainGroup = 7FC428402AB2E6AE00C5E97C;
			productRefGroup = 7FC4284A2AB2E6AE00C5E97C /* Products */;
			projectDirPath = "";
			projectRoot = "";
			targets = (
				7FC428482AB2E6AE00C5E97C /* Instagram */,
				7FC428612AB2E6B200C5E97C /* InstagramTests */,
				7FC4286B2AB2E6B200C5E97C /* InstagramUITests */,
			);
		};
/* End PBXProject section */

/* Begin PBXResourcesBuildPhase section */
		7FC428472AB2E6AE00C5E97C /* Resources */ = {
			isa = PBXResourcesBuildPhase;
			buildActionMask = 2147483647;
			files = (
				7FC4285C2AB2E6B200C5E97C /* LaunchScreen.storyboard in Resources */,
				7FC428592AB2E6B200C5E97C /* Assets.xcassets in Resources */,
				7FC428542AB2E6AE00C5E97C /* Main.storyboard in Resources */,
			);
			runOnlyForDeploymentPostprocessing = 0;
		};
		7FC428602AB2E6B200C5E97C /* Resources */ = {
			isa = PBXResourcesBuildPhase;
			buildActionMask = 2147483647;
			files = (
			);
			runOnlyForDeploymentPostprocessing = 0;
		};
		7FC4286A2AB2E6B200C5E97C /* Resources */ = {
			isa = PBXResourcesBuildPhase;
			buildActionMask = 2147483647;
			files = (
			);
			runOnlyForDeploymentPostprocessing = 0;
		};
/* End PBXResourcesBuildPhase section */

/* Begin PBXSourcesBuildPhase section */
		7FC428452AB2E6AE00C5E97C /* Sources */ = {
			isa = PBXSourcesBuildPhase;
			buildActionMask = 2147483647;
			files = (
				7FC428572AB2E6AE00C5E97C /* Instagram.xcdatamodeld in Sources */,
				7FC428512AB2E6AE00C5E97C /* ViewController.swift in Sources */,
				7FC4284D2AB2E6AE00C5E97C /* AppDelegate.swift in Sources */,
				7FC4284F2AB2E6AE00C5E97C /* SceneDelegate.swift in Sources */,
			);
			runOnlyForDeploymentPostprocessing = 0;
		};
		7FC4285E2AB2E6B200C5E97C /* Sources */ = {
			isa = PBXSourcesBuildPhase;
			buildActionMask = 2147483647;
			files = (
				7FC428672AB2E6B200C5E97C /* InstagramTests.swift in Sources */,
			);
			runOnlyForDeploymentPostprocessing = 0;
		};
		7FC428682AB2E6B200C5E97C /* Sources */ = {
			isa = PBXSourcesBuildPhase;
			buildActionMask = 2147483647;
			files = (
				7FC428712AB2E6B200C5E97C /* InstagramUITests.swift in Sources */,
				7FC428732AB2E6B200C5E97C /* InstagramUITestsLaunchTests.swift in Sources */,
			);
			runOnlyForDeploymentPostprocessing = 0;
		};
/* End PBXSourcesBuildPhase section */

/* Begin PBXTargetDependency section */
		7FC428642AB2E6B200C5E97C /* PBXTargetDependency */ = {
			isa = PBXTargetDependency;
			target = 7FC428482AB2E6AE00C5E97C /* Instagram */;
			targetProxy = 7FC428632AB2E6B200C5E97C /* PBXContainerItemProxy */;
		};
		7FC4286E2AB2E6B200C5E97C /* PBXTargetDependency */ = {
			isa = PBXTargetDependency;
			target = 7FC428482AB2E6AE00C5E97C /* Instagram */;
			targetProxy = 7FC4286D2AB2E6B200C5E97C /* PBXContainerItemProxy */;
		};
/* End PBXTargetDependency section */

/* Begin PBXVariantGroup section */
		7FC428522AB2E6AE00C5E97C /* Main.storyboard */ = {
			isa = PBXVariantGroup;
			children = (
				7FC428532AB2E6AE00C5E97C /* Base */,
			);
			name = Main.storyboard;
			sourceTree = "<group>";
		};
		7FC4285A2AB2E6B200C5E97C /* LaunchScreen.storyboard */ = {
			isa = PBXVariantGroup;
			children = (
				7FC4285B2AB2E6B200C5E97C /* Base */,
			);
			name = LaunchScreen.storyboard;
			sourceTree = "<group>";
		};
/* End PBXVariantGroup section */

/* Begin XCBuildConfiguration section */
		7FC428742AB2E6B200C5E97C /* Debug */ = {
			isa = XCBuildConfiguration;
			buildSettings = {
				ALWAYS_SEARCH_USER_PATHS = NO;
				CLANG_ANALYZER_NONNULL = YES;
				CLANG_ANALYZER_NUMBER_OBJECT_CONVERSION = YES_AGGRESSIVE;
				CLANG_CXX_LANGUAGE_STANDARD = "gnu++20";
				CLANG_ENABLE_MODULES = YES;
				CLANG_ENABLE_OBJC_ARC = YES;
				CLANG_ENABLE_OBJC_WEAK = YES;
				CLANG_WARN_BLOCK_CAPTURE_AUTORELEASING = YES;
				CLANG_WARN_BOOL_CONVERSION = YES;
				CLANG_WARN_COMMA = YES;
				CLANG_WARN_CONSTANT_CONVERSION = YES;
				CLANG_WARN_DEPRECATED_OBJC_IMPLEMENTATIONS = YES;
				CLANG_WARN_DIRECT_OBJC_ISA_USAGE = YES_ERROR;
				CLANG_WARN_DOCUMENTATION_COMMENTS = YES;
				CLANG_WARN_EMPTY_BODY = YES;
				CLANG_WARN_ENUM_CONVERSION = YES;
				CLANG_WARN_INFINITE_RECURSION = YES;
				CLANG_WARN_INT_CONVERSION = YES;
				CLANG_WARN_NON_LITERAL_NULL_CONVERSION = YES;
				CLANG_WARN_OBJC_IMPLICIT_RETAIN_SELF = YES;
				CLANG_WARN_OBJC_LITERAL_CONVERSION = YES;
				CLANG_WARN_OBJC_ROOT_CLASS = YES_ERROR;
				CLANG_WARN_QUOTED_INCLUDE_IN_FRAMEWORK_HEADER = YES;
				CLANG_WARN_RANGE_LOOP_ANALYSIS = YES;
				CLANG_WARN_STRICT_PROTOTYPES = YES;
				CLANG_WARN_SUSPICIOUS_MOVE = YES;
				CLANG_WARN_UNGUARDED_AVAILABILITY = YES_AGGRESSIVE;
				CLANG_WARN_UNREACHABLE_CODE = YES;
				CLANG_WARN__DUPLICATE_METHOD_MATCH = YES;
				COPY_PHASE_STRIP = NO;
				DEBUG_INFORMATION_FORMAT = dwarf;
				ENABLE_STRICT_OBJC_MSGSEND = YES;
				ENABLE_TESTABILITY = YES;
				GCC_C_LANGUAGE_STANDARD = gnu11;
				GCC_DYNAMIC_NO_PIC = NO;
				GCC_NO_COMMON_BLOCKS = YES;
				GCC_OPTIMIZATION_LEVEL = 0;
				GCC_PREPROCESSOR_DEFINITIONS = (
					"DEBUG=1",
					"$(inherited)",
				);
				GCC_WARN_64_TO_32_BIT_CONVERSION = YES;
				GCC_WARN_ABOUT_RETURN_TYPE = YES_ERROR;
				GCC_WARN_UNDECLARED_SELECTOR = YES;
				GCC_WARN_UNINITIALIZED_AUTOS = YES_AGGRESSIVE;
				GCC_WARN_UNUSED_FUNCTION = YES;
				GCC_WARN_UNUSED_VARIABLE = YES;
				IPHONEOS_DEPLOYMENT_TARGET = 16.4;
				MTL_ENABLE_DEBUG_INFO = INCLUDE_SOURCE;
				MTL_FAST_MATH = YES;
				ONLY_ACTIVE_ARCH = YES;
				SDKROOT = iphoneos;
				SWIFT_ACTIVE_COMPILATION_CONDITIONS = DEBUG;
				SWIFT_OPTIMIZATION_LEVEL = "-Onone";
			};
			name = Debug;
		};
		7FC428752AB2E6B200C5E97C /* Release */ = {
			isa = XCBuildConfiguration;
			buildSettings = {
				ALWAYS_SEARCH_USER_PATHS = NO;
				CLANG_ANALYZER_NONNULL = YES;
				CLANG_ANALYZER_NUMBER_OBJECT_CONVERSION = YES_AGGRESSIVE;
				CLANG_CXX_LANGUAGE_STANDARD = "gnu++20";
				CLANG_ENABLE_MODULES = YES;
				CLANG_ENABLE_OBJC_ARC = YES;
				CLANG_ENABLE_OBJC_WEAK = YES;
				CLANG_WARN_BLOCK_CAPTURE_AUTORELEASING = YES;
				CLANG_WARN_BOOL_CONVERSION = YES;
				CLANG_WARN_COMMA = YES;
				CLANG_WARN_CONSTANT_CONVERSION = YES;
				CLANG_WARN_DEPRECATED_OBJC_IMPLEMENTATIONS = YES;
				CLANG_WARN_DIRECT_OBJC_ISA_USAGE = YES_ERROR;
				CLANG_WARN_DOCUMENTATION_COMMENTS = YES;
				CLANG_WARN_EMPTY_BODY = YES;
				CLANG_WARN_ENUM_CONVERSION = YES;
				CLANG_WARN_INFINITE_RECURSION = YES;
				CLANG_WARN_INT_CONVERSION = YES;
				CLANG_WARN_NON_LITERAL_NULL_CONVERSION = YES;
				CLANG_WARN_OBJC_IMPLICIT_RETAIN_SELF = YES;
				CLANG_WARN_OBJC_LITERAL_CONVERSION = YES;
				CLANG_WARN_OBJC_ROOT_CLASS = YES_ERROR;
				CLANG_WARN_QUOTED_INCLUDE_IN_FRAMEWORK_HEADER = YES;
				CLANG_WARN_RANGE_LOOP_ANALYSIS = YES;
				CLANG_WARN_STRICT_PROTOTYPES = YES;
				CLANG_WARN_SUSPICIOUS_MOVE = YES;
				CLANG_WARN_UNGUARDED_AVAILABILITY = YES_AGGRESSIVE;
				CLANG_WARN_UNREACHABLE_CODE = YES;
				CLANG_WARN__DUPLICATE_METHOD_MATCH = YES;
				COPY_PHASE_STRIP = NO;
				DEBUG_INFORMATION_FORMAT = "dwarf-with-dsym";
				ENABLE_NS_ASSERTIONS = NO;
				ENABLE_STRICT_OBJC_MSGSEND = YES;
				GCC_C_LANGUAGE_STANDARD = gnu11;
				GCC_NO_COMMON_BLOCKS = YES;
				GCC_WARN_64_TO_32_BIT_CONVERSION = YES;
				GCC_WARN_ABOUT_RETURN_TYPE = YES_ERROR;
				GCC_WARN_UNDECLARED_SELECTOR = YES;
				GCC_WARN_UNINITIALIZED_AUTOS = YES_AGGRESSIVE;
				GCC_WARN_UNUSED_FUNCTION = YES;
				GCC_WARN_UNUSED_VARIABLE = YES;
				IPHONEOS_DEPLOYMENT_TARGET = 16.4;
				MTL_ENABLE_DEBUG_INFO = NO;
				MTL_FAST_MATH = YES;
				SDKROOT = iphoneos;
				SWIFT_COMPILATION_MODE = wholemodule;
				SWIFT_OPTIMIZATION_LEVEL = "-O";
				VALIDATE_PRODUCT = YES;
			};
			name = Release;
		};
		7FC428772AB2E6B200C5E97C /* Debug */ = {
			isa = XCBuildConfiguration;
			buildSettings = {
				ASSETCATALOG_COMPILER_APPICON_NAME = AppIcon;
				ASSETCATALOG_COMPILER_GLOBAL_ACCENT_COLOR_NAME = AccentColor;
				CODE_SIGN_STYLE = Automatic;
				CURRENT_PROJECT_VERSION = 1;
				GENERATE_INFOPLIST_FILE = YES;
				INFOPLIST_FILE = Instagram/Info.plist;
				INFOPLIST_KEY_UIApplicationSupportsIndirectInputEvents = YES;
				INFOPLIST_KEY_UILaunchStoryboardName = LaunchScreen;
				INFOPLIST_KEY_UIMainStoryboardFile = Main;
				INFOPLIST_KEY_UISupportedInterfaceOrientations_iPad = "UIInterfaceOrientationPortrait UIInterfaceOrientationPortraitUpsideDown UIInterfaceOrientationLandscapeLeft UIInterfaceOrientationLandscapeRight";
				INFOPLIST_KEY_UISupportedInterfaceOrientations_iPhone = "UIInterfaceOrientationPortrait UIInterfaceOrientationLandscapeLeft UIInterfaceOrientationLandscapeRight";
				LD_RUNPATH_SEARCH_PATHS = (
					"$(inherited)",
					"@executable_path/Frameworks",
				);
				MARKETING_VERSION = 1.0;
				PRODUCT_BUNDLE_IDENTIFIER = "https---github.com-zzangzzangguy.Instagram";
				PRODUCT_NAME = "$(TARGET_NAME)";
				SWIFT_EMIT_LOC_STRINGS = YES;
				SWIFT_VERSION = 5.0;
				TARGETED_DEVICE_FAMILY = "1,2";
			};
			name = Debug;
		};
		7FC428782AB2E6B200C5E97C /* Release */ = {
			isa = XCBuildConfiguration;
			buildSettings = {
				ASSETCATALOG_COMPILER_APPICON_NAME = AppIcon;
				ASSETCATALOG_COMPILER_GLOBAL_ACCENT_COLOR_NAME = AccentColor;
				CODE_SIGN_STYLE = Automatic;
				CURRENT_PROJECT_VERSION = 1;
				GENERATE_INFOPLIST_FILE = YES;
				INFOPLIST_FILE = Instagram/Info.plist;
				INFOPLIST_KEY_UIApplicationSupportsIndirectInputEvents = YES;
				INFOPLIST_KEY_UILaunchStoryboardName = LaunchScreen;
				INFOPLIST_KEY_UIMainStoryboardFile = Main;
				INFOPLIST_KEY_UISupportedInterfaceOrientations_iPad = "UIInterfaceOrientationPortrait UIInterfaceOrientationPortraitUpsideDown UIInterfaceOrientationLandscapeLeft UIInterfaceOrientationLandscapeRight";
				INFOPLIST_KEY_UISupportedInterfaceOrientations_iPhone = "UIInterfaceOrientationPortrait UIInterfaceOrientationLandscapeLeft UIInterfaceOrientationLandscapeRight";
				LD_RUNPATH_SEARCH_PATHS = (
					"$(inherited)",
					"@executable_path/Frameworks",
				);
				MARKETING_VERSION = 1.0;
				PRODUCT_BUNDLE_IDENTIFIER = "https---github.com-zzangzzangguy.Instagram";
				PRODUCT_NAME = "$(TARGET_NAME)";
				SWIFT_EMIT_LOC_STRINGS = YES;
				SWIFT_VERSION = 5.0;
				TARGETED_DEVICE_FAMILY = "1,2";
			};
			name = Release;
		};
		7FC4287A2AB2E6B200C5E97C /* Debug */ = {
			isa = XCBuildConfiguration;
			buildSettings = {
				ALWAYS_EMBED_SWIFT_STANDARD_LIBRARIES = YES;
				BUNDLE_LOADER = "$(TEST_HOST)";
				CODE_SIGN_STYLE = Automatic;
				CURRENT_PROJECT_VERSION = 1;
				GENERATE_INFOPLIST_FILE = YES;
				IPHONEOS_DEPLOYMENT_TARGET = 16.4;
				MARKETING_VERSION = 1.0;
				PRODUCT_BUNDLE_IDENTIFIER = "https---github.com-zzangzzangguy.InstagramTests";
				PRODUCT_NAME = "$(TARGET_NAME)";
				SWIFT_EMIT_LOC_STRINGS = NO;
				SWIFT_VERSION = 5.0;
				TARGETED_DEVICE_FAMILY = "1,2";
				TEST_HOST = "$(BUILT_PRODUCTS_DIR)/Instagram.app/$(BUNDLE_EXECUTABLE_FOLDER_PATH)/Instagram";
			};
			name = Debug;
		};
		7FC4287B2AB2E6B200C5E97C /* Release */ = {
			isa = XCBuildConfiguration;
			buildSettings = {
				ALWAYS_EMBED_SWIFT_STANDARD_LIBRARIES = YES;
				BUNDLE_LOADER = "$(TEST_HOST)";
				CODE_SIGN_STYLE = Automatic;
				CURRENT_PROJECT_VERSION = 1;
				GENERATE_INFOPLIST_FILE = YES;
				IPHONEOS_DEPLOYMENT_TARGET = 16.4;
				MARKETING_VERSION = 1.0;
				PRODUCT_BUNDLE_IDENTIFIER = "https---github.com-zzangzzangguy.InstagramTests";
				PRODUCT_NAME = "$(TARGET_NAME)";
				SWIFT_EMIT_LOC_STRINGS = NO;
				SWIFT_VERSION = 5.0;
				TARGETED_DEVICE_FAMILY = "1,2";
				TEST_HOST = "$(BUILT_PRODUCTS_DIR)/Instagram.app/$(BUNDLE_EXECUTABLE_FOLDER_PATH)/Instagram";
			};
			name = Release;
		};
		7FC4287D2AB2E6B200C5E97C /* Debug */ = {
			isa = XCBuildConfiguration;
			buildSettings = {
				ALWAYS_EMBED_SWIFT_STANDARD_LIBRARIES = YES;
				CODE_SIGN_STYLE = Automatic;
				CURRENT_PROJECT_VERSION = 1;
				GENERATE_INFOPLIST_FILE = YES;
				MARKETING_VERSION = 1.0;
				PRODUCT_BUNDLE_IDENTIFIER = "https---github.com-zzangzzangguy.InstagramUITests";
				PRODUCT_NAME = "$(TARGET_NAME)";
				SWIFT_EMIT_LOC_STRINGS = NO;
				SWIFT_VERSION = 5.0;
				TARGETED_DEVICE_FAMILY = "1,2";
				TEST_TARGET_NAME = Instagram;
			};
			name = Debug;
		};
		7FC4287E2AB2E6B200C5E97C /* Release */ = {
			isa = XCBuildConfiguration;
			buildSettings = {
				ALWAYS_EMBED_SWIFT_STANDARD_LIBRARIES = YES;
				CODE_SIGN_STYLE = Automatic;
				CURRENT_PROJECT_VERSION = 1;
				GENERATE_INFOPLIST_FILE = YES;
				MARKETING_VERSION = 1.0;
				PRODUCT_BUNDLE_IDENTIFIER = "https---github.com-zzangzzangguy.InstagramUITests";
				PRODUCT_NAME = "$(TARGET_NAME)";
				SWIFT_EMIT_LOC_STRINGS = NO;
				SWIFT_VERSION = 5.0;
				TARGETED_DEVICE_FAMILY = "1,2";
				TEST_TARGET_NAME = Instagram;
			};
			name = Release;
		};
/* End XCBuildConfiguration section */

/* Begin XCConfigurationList section */
		7FC428442AB2E6AE00C5E97C /* Build configuration list for PBXProject "Instagram" */ = {
			isa = XCConfigurationList;
			buildConfigurations = (
				7FC428742AB2E6B200C5E97C /* Debug */,
				7FC428752AB2E6B200C5E97C /* Release */,
			);
			defaultConfigurationIsVisible = 0;
			defaultConfigurationName = Release;
		};
		7FC428762AB2E6B200C5E97C /* Build configuration list for PBXNativeTarget "Instagram" */ = {
			isa = XCConfigurationList;
			buildConfigurations = (
				7FC428772AB2E6B200C5E97C /* Debug */,
				7FC428782AB2E6B200C5E97C /* Release */,
			);
			defaultConfigurationIsVisible = 0;
			defaultConfigurationName = Release;
		};
		7FC428792AB2E6B200C5E97C /* Build configuration list for PBXNativeTarget "InstagramTests" */ = {
			isa = XCConfigurationList;
			buildConfigurations = (
				7FC4287A2AB2E6B200C5E97C /* Debug */,
				7FC4287B2AB2E6B200C5E97C /* Release */,
			);
			defaultConfigurationIsVisible = 0;
			defaultConfigurationName = Release;
		};
		7FC4287C2AB2E6B200C5E97C /* Build configuration list for PBXNativeTarget "InstagramUITests" */ = {
			isa = XCConfigurationList;
			buildConfigurations = (
				7FC4287D2AB2E6B200C5E97C /* Debug */,
				7FC4287E2AB2E6B200C5E97C /* Release */,
			);
			defaultConfigurationIsVisible = 0;
			defaultConfigurationName = Release;
		};
/* End XCConfigurationList section */

/* Begin XCVersionGroup section */
		7FC428552AB2E6AE00C5E97C /* Instagram.xcdatamodeld */ = {
			isa = XCVersionGroup;
			children = (
				7FC428562AB2E6AE00C5E97C /* Instagram.xcdatamodel */,
			);
			currentVersion = 7FC428562AB2E6AE00C5E97C /* Instagram.xcdatamodel */;
			path = Instagram.xcdatamodeld;
			sourceTree = "<group>";
			versionGroupType = wrapper.xcdatamodel;
		};
/* End XCVersionGroup section */
	};
	rootObject = 7FC428412AB2E6AE00C5E97C /* Project object */;
}
